
Microsoft Visual Studio Solution File, Format Version 12.00
# Visual Studio Version 17
VisualStudioVersion = 17.8.34408.163
MinimumVisualStudioVersion = 10.0.40219.1
Project("{FAE04EC0-301F-11D3-BF4B-00C04F79EFBC}") = "help-form-assistant", "help-form-assistant\help-form-assistant.csproj", "{E80B712E-F501-420A-B1A9-688CB2308ECC}"
EndProject
Global
	GlobalSection(SolutionConfigurationPlatforms) = preSolution
		Debug|Any CPU = Debug|Any CPU
		Release|Any CPU = Release|Any CPU
	EndGlobalSection
	GlobalSection(ProjectConfigurationPlatforms) = postSolution
		{E80B712E-F501-420A-B1A9-688CB2308ECC}.Debug|Any CPU.ActiveCfg = Debug|Any CPU
		{E80B712E-F501-420A-B1A9-688CB2308ECC}.Debug|Any CPU.Build.0 = Debug|Any CPU
		{E80B712E-F501-420A-B1A9-688CB2308ECC}.Release|Any CPU.ActiveCfg = Release|Any CPU
		{E80B712E-F501-420A-B1A9-688CB2308ECC}.Release|Any CPU.Build.0 = Release|Any CPU
	EndGlobalSection
	GlobalSection(SolutionProperties) = preSolution
		HideSolutionNode = FALSE
	EndGlobalSection
	GlobalSection(ExtensibilityGlobals) = postSolution
		SolutionGuid = {947C22AF-B833-4E36-B529-A97D9B4937EF}
	EndGlobalSection
EndGlobal
